
Microsoft Visual Studio Solution File, Format Version 12.00
# Visual Studio Version 17
VisualStudioVersion = 17.9.34616.47
MinimumVisualStudioVersion = 10.0.40219.1
Project("{FAE04EC0-301F-11D3-BF4B-00C04F79EFBC}") = "Tarea_2_Modulo_2", "Tarea_2_Modulo_2\Tarea_2_Modulo_2.csproj", "{F52FB185-BEDC-418A-ACB2-CB630572716E}"
EndProject
Global
	GlobalSection(SolutionConfigurationPlatforms) = preSolution
		Debug|Any CPU = Debug|Any CPU
		Release|Any CPU = Release|Any CPU
	EndGlobalSection
	GlobalSection(ProjectConfigurationPlatforms) = postSolution
		{F52FB185-BEDC-418A-ACB2-CB630572716E}.Debug|Any CPU.ActiveCfg = Debug|Any CPU
		{F52FB185-BEDC-418A-ACB2-CB630572716E}.Debug|Any CPU.Build.0 = Debug|Any CPU
		{F52FB185-BEDC-418A-ACB2-CB630572716E}.Release|Any CPU.ActiveCfg = Release|Any CPU
		{F52FB185-BEDC-418A-ACB2-CB630572716E}.Release|Any CPU.Build.0 = Release|Any CPU
	EndGlobalSection
	GlobalSection(SolutionProperties) = preSolution
		HideSolutionNode = FALSE
	EndGlobalSection
	GlobalSection(ExtensibilityGlobals) = postSolution
		SolutionGuid = {7AB6BB4E-2D92-459C-95D4-446B439C0398}
	EndGlobalSection
EndGlobal
